# This file is automatically @generated by Cargo.
# It is not intended for manual editing.
version = 4

[[package]]
name = "qbe"
version = "2.5.1"
source = "git+https://github.com/garritfra/qbe-rs#630fbf0e6b9e5518d17a814b3b8045ef28b3bafc"

[[package]]
name = "saya"
version = "0.1.0"
dependencies = [
 "qbe",
]
