# This file is automatically @generated by Cargo.
# It is not intended for manual editing.
version = 4

[[package]]
name = "qbe"
version = "2.5.1"
source = "git+https://github.com/garritfra/qbe-rs#f93cd3858eeada11fdd2e9f441682981dcb6e586"

[[package]]
name = "saya"
version = "0.1.0"
dependencies = [
 "qbe",
]
